# GENERATED FILE - DO NOT EDIT DIRECTLY
schema_version: 1

bundle:
  version: "0.4.0-dev"
  release_sequence: 0
  channel: "development"
  source_tree_digest: "sha256:9875a1ff737c3fb6740d1a1aadc1ab9f4cd31e0f7dbc561f47c784b99676da33"
  digest: "sha256:a0793e7ed559f99298acd005a8823f39e3a31ce062ca3e276737d64060e41d0e"

projection:
  input_digest: "sha256:42ba5e5b21ff1c2c26ce6d4755b973e1b7a36caa2467221d47c70cd298a76f8f"
  output_digest: "sha256:8bd09d141e066042bf72eca599669ed85b7d34b86ff52783b588389776be3853"
  files:
    - path: ".gds/compiled-policy.json"
      digest: "sha256:109fff4825eca9a9d5edb98afef0282024f48d5e6c53f2c9d1429b0116e63a5b"
